
Microsoft Visual Studio Solution File, Format Version 12.00
# Visual Studio Version 17
VisualStudioVersion = 17.5.33530.505
MinimumVisualStudioVersion = 10.0.40219.1
Project("{FAE04EC0-301F-11D3-BF4B-00C04F79EFBC}") = "HayaseBot", "HayaseBot.csproj", "{4433868C-0F05-4831-852E-2A9DE105BB9C}"
EndProject
Global
	GlobalSection(SolutionConfigurationPlatforms) = preSolution
		Debug|Any CPU = Debug|Any CPU
		Release|Any CPU = Release|Any CPU
	EndGlobalSection
	GlobalSection(ProjectConfigurationPlatforms) = postSolution
		{4433868C-0F05-4831-852E-2A9DE105BB9C}.Debug|Any CPU.ActiveCfg = Debug|Any CPU
		{4433868C-0F05-4831-852E-2A9DE105BB9C}.Debug|Any CPU.Build.0 = Debug|Any CPU
		{4433868C-0F05-4831-852E-2A9DE105BB9C}.Release|Any CPU.ActiveCfg = Release|Any CPU
		{4433868C-0F05-4831-852E-2A9DE105BB9C}.Release|Any CPU.Build.0 = Release|Any CPU
	EndGlobalSection
	GlobalSection(SolutionProperties) = preSolution
		HideSolutionNode = FALSE
	EndGlobalSection
	GlobalSection(ExtensibilityGlobals) = postSolution
		SolutionGuid = {F90A9139-3D84-4185-A8DF-9C021A43ED6A}
	EndGlobalSection
EndGlobal
